// !$*UTF8*$!
{
	archiveVersion = 1;
	classes = {
	};
	objectVersion = 46;
	objects = {

/* Begin PBXBuildFile section */
		060C7B781D5AC1F5009D72E3 /* RACMulticastConnectionVC.m in Sources */ = {isa = PBXBuildFile; fileRef = 060C7B771D5AC1F5009D72E3 /* RACMulticastConnectionVC.m */; };
		060C7B7C1D5ACB39009D72E3 /* RACCommandVC.m in Sources */ = {isa = PBXBuildFile; fileRef = 060C7B7B1D5ACB39009D72E3 /* RACCommandVC.m */; };
		06643C901D5969B000D0837E /* RACSubjectVC.m in Sources */ = {isa = PBXBuildFile; fileRef = 06643C8E1D5969B000D0837E /* RACSubjectVC.m */; };
		06643C911D5969B000D0837E /* RACSubjectVC.xib in Resources */ = {isa = PBXBuildFile; fileRef = 06643C8F1D5969B000D0837E /* RACSubjectVC.xib */; };
		06643C941D59703000D0837E /* MainVC.m in Sources */ = {isa = PBXBuildFile; fileRef = 06643C931D59703000D0837E /* MainVC.m */; };
		06643C981D59A78900D0837E /* RACSequenceVC.m in Sources */ = {isa = PBXBuildFile; fileRef = 06643C971D59A78900D0837E /* RACSequenceVC.m */; };
		06C4BE701D5463480068DD84 /* main.m in Sources */ = {isa = PBXBuildFile; fileRef = 06C4BE6F1D5463480068DD84 /* main.m */; };
		06C4BE731D5463480068DD84 /* AppDelegate.m in Sources */ = {isa = PBXBuildFile; fileRef = 06C4BE721D5463480068DD84 /* AppDelegate.m */; };
		06C4BE7B1D5463480068DD84 /* Assets.xcassets in Resources */ = {isa = PBXBuildFile; fileRef = 06C4BE7A1D5463480068DD84 /* Assets.xcassets */; };
		06C4BE7E1D5463480068DD84 /* LaunchScreen.storyboard in Resources */ = {isa = PBXBuildFile; fileRef = 06C4BE7C1D5463480068DD84 /* LaunchScreen.storyboard */; };
		06C4BE911D5468F30068DD84 /* RACSignal1.m in Sources */ = {isa = PBXBuildFile; fileRef = 06C4BE901D5468F30068DD84 /* RACSignal1.m */; };
		BE1996D113B94495BC6A55E1 /* Pods_Lianxi.framework in Frameworks */ = {isa = PBXBuildFile; fileRef = 5DF70AA80B604FE6D869D844 /* Pods_Lianxi.framework */; };
/* End PBXBuildFile section */

/* Begin PBXFileReference section */
		060C7B761D5AC1F5009D72E3 /* RACMulticastConnectionVC.h */ = {isa = PBXFileReference; fileEncoding = 4; lastKnownFileType = sourcecode.c.h; path = RACMulticastConnectionVC.h; sourceTree = "<group>"; };
		060C7B771D5AC1F5009D72E3 /* RACMulticastConnectionVC.m */ = {isa = PBXFileReference; fileEncoding = 4; lastKnownFileType = sourcecode.c.objc; path = RACMulticastConnectionVC.m; sourceTree = "<group>"; };
		060C7B7A1D5ACB39009D72E3 /* RACCommandVC.h */ = {isa = PBXFileReference; fileEncoding = 4; lastKnownFileType = sourcecode.c.h; path = RACCommandVC.h; sourceTree = "<group>"; };
		060C7B7B1D5ACB39009D72E3 /* RACCommandVC.m */ = {isa = PBXFileReference; fileEncoding = 4; lastKnownFileType = sourcecode.c.objc; path = RACCommandVC.m; sourceTree = "<group>"; };
		06643C8D1D5969B000D0837E /* RACSubjectVC.h */ = {isa = PBXFileReference; fileEncoding = 4; lastKnownFileType = sourcecode.c.h; path = RACSubjectVC.h; sourceTree = "<group>"; };
		06643C8E1D5969B000D0837E /* RACSubjectVC.m */ = {isa = PBXFileReference; fileEncoding = 4; lastKnownFileType = sourcecode.c.objc; path = RACSubjectVC.m; sourceTree = "<group>"; };
		06643C8F1D5969B000D0837E /* RACSubjectVC.xib */ = {isa = PBXFileReference; fileEncoding = 4; lastKnownFileType = file.xib; path = RACSubjectVC.xib; sourceTree = "<group>"; };
		06643C921D59703000D0837E /* MainVC.h */ = {isa = PBXFileReference; fileEncoding = 4; lastKnownFileType = sourcecode.c.h; path = MainVC.h; sourceTree = "<group>"; };
		06643C931D59703000D0837E /* MainVC.m */ = {isa = PBXFileReference; fileEncoding = 4; lastKnownFileType = sourcecode.c.objc; path = MainVC.m; sourceTree = "<group>"; };
		06643C961D59A78900D0837E /* RACSequenceVC.h */ = {isa = PBXFileReference; fileEncoding = 4; lastKnownFileType = sourcecode.c.h; path = RACSequenceVC.h; sourceTree = "<group>"; };
		06643C971D59A78900D0837E /* RACSequenceVC.m */ = {isa = PBXFileReference; fileEncoding = 4; lastKnownFileType = sourcecode.c.objc; path = RACSequenceVC.m; sourceTree = "<group>"; };
		06C4BE6B1D5463470068DD84 /* Lianxi.app */ = {isa = PBXFileReference; explicitFileType = wrapper.application; includeInIndex = 0; path = Lianxi.app; sourceTree = BUILT_PRODUCTS_DIR; };
		06C4BE6F1D5463480068DD84 /* main.m */ = {isa = PBXFileReference; lastKnownFileType = sourcecode.c.objc; path = main.m; sourceTree = "<group>"; };
		06C4BE711D5463480068DD84 /* AppDelegate.h */ = {isa = PBXFileReference; lastKnownFileType = sourcecode.c.h; path = AppDelegate.h; sourceTree = "<group>"; };
		06C4BE721D5463480068DD84 /* AppDelegate.m */ = {isa = PBXFileReference; lastKnownFileType = sourcecode.c.objc; path = AppDelegate.m; sourceTree = "<group>"; };
		06C4BE7A1D5463480068DD84 /* Assets.xcassets */ = {isa = PBXFileReference; lastKnownFileType = folder.assetcatalog; path = Assets.xcassets; sourceTree = "<group>"; };
		06C4BE7D1D5463480068DD84 /* Base */ = {isa = PBXFileReference; lastKnownFileType = file.storyboard; name = Base; path = Base.lproj/LaunchScreen.storyboard; sourceTree = "<group>"; };
		06C4BE7F1D5463480068DD84 /* Info.plist */ = {isa = PBXFileReference; lastKnownFileType = text.plist.xml; path = Info.plist; sourceTree = "<group>"; };
		06C4BE8F1D5468F30068DD84 /* RACSignal1.h */ = {isa = PBXFileReference; fileEncoding = 4; lastKnownFileType = sourcecode.c.h; path = RACSignal1.h; sourceTree = "<group>"; };
		06C4BE901D5468F30068DD84 /* RACSignal1.m */ = {isa = PBXFileReference; fileEncoding = 4; lastKnownFileType = sourcecode.c.objc; path = RACSignal1.m; sourceTree = "<group>"; };
		06C4BE931D546C130068DD84 /* PrefixHeader.pch */ = {isa = PBXFileReference; lastKnownFileType = sourcecode.c.h; path = PrefixHeader.pch; sourceTree = "<group>"; };
		5DF70AA80B604FE6D869D844 /* Pods_Lianxi.framework */ = {isa = PBXFileReference; explicitFileType = wrapper.framework; includeInIndex = 0; path = Pods_Lianxi.framework; sourceTree = BUILT_PRODUCTS_DIR; };
		627527803F47331850D6DE54 /* Pods-Lianxi.release.xcconfig */ = {isa = PBXFileReference; includeInIndex = 1; lastKnownFileType = text.xcconfig; name = "Pods-Lianxi.release.xcconfig"; path = "Pods/Target Support Files/Pods-Lianxi/Pods-Lianxi.release.xcconfig"; sourceTree = "<group>"; };
		79D9740470DE15AF2F01CEE0 /* Pods-Lianxi.debug.xcconfig */ = {isa = PBXFileReference; includeInIndex = 1; lastKnownFileType = text.xcconfig; name = "Pods-Lianxi.debug.xcconfig"; path = "Pods/Target Support Files/Pods-Lianxi/Pods-Lianxi.debug.xcconfig"; sourceTree = "<group>"; };
/* End PBXFileReference section */

/* Begin PBXFrameworksBuildPhase section */
		06C4BE681D5463470068DD84 /* Frameworks */ = {
			isa = PBXFrameworksBuildPhase;
			buildActionMask = 2147483647;
			files = (
				BE1996D113B94495BC6A55E1 /* Pods_Lianxi.framework in Frameworks */,
			);
			runOnlyForDeploymentPostprocessing = 0;
		};
/* End PBXFrameworksBuildPhase section */

/* Begin PBXGroup section */
		060C7B751D5AC1E1009D72E3 /* RACMulticastConnection */ = {
			isa = PBXGroup;
			children = (
				060C7B761D5AC1F5009D72E3 /* RACMulticastConnectionVC.h */,
				060C7B771D5AC1F5009D72E3 /* RACMulticastConnectionVC.m */,
			);
			name = RACMulticastConnection;
			sourceTree = "<group>";
		};
		060C7B791D5ACB1C009D72E3 /* RACCommand */ = {
			isa = PBXGroup;
			children = (
				060C7B7A1D5ACB39009D72E3 /* RACCommandVC.h */,
				060C7B7B1D5ACB39009D72E3 /* RACCommandVC.m */,
			);
			name = RACCommand;
			sourceTree = "<group>";
		};
		06643C8C1D59699600D0837E /* RACSubjectVC */ = {
			isa = PBXGroup;
			children = (
				06643C8D1D5969B000D0837E /* RACSubjectVC.h */,
				06643C8E1D5969B000D0837E /* RACSubjectVC.m */,
				06643C8F1D5969B000D0837E /* RACSubjectVC.xib */,
			);
			name = RACSubjectVC;
			sourceTree = "<group>";
		};
		06643C951D59A77200D0837E /* RACSequence */ = {
			isa = PBXGroup;
			children = (
				060C7B751D5AC1E1009D72E3 /* RACMulticastConnection */,
				06643C961D59A78900D0837E /* RACSequenceVC.h */,
				06643C971D59A78900D0837E /* RACSequenceVC.m */,
			);
			name = RACSequence;
			sourceTree = "<group>";
		};
		06C4BE621D5463470068DD84 = {
			isa = PBXGroup;
			children = (
				06C4BE6D1D5463480068DD84 /* Lianxi */,
				06C4BE6C1D5463470068DD84 /* Products */,
				C056C6B9D76F294D505F59A0 /* Pods */,
				32DAB207CF03BDE781A2C8E3 /* Frameworks */,
			);
			sourceTree = "<group>";
		};
		06C4BE6C1D5463470068DD84 /* Products */ = {
			isa = PBXGroup;
			children = (
				06C4BE6B1D5463470068DD84 /* Lianxi.app */,
			);
			name = Products;
			sourceTree = "<group>";
		};
		06C4BE6D1D5463480068DD84 /* Lianxi */ = {
			isa = PBXGroup;
			children = (
				06C4BE8D1D5468890068DD84 /* Classes */,
				06C4BE711D5463480068DD84 /* AppDelegate.h */,
				06C4BE721D5463480068DD84 /* AppDelegate.m */,
				06C4BE7A1D5463480068DD84 /* Assets.xcassets */,
				06C4BE7C1D5463480068DD84 /* LaunchScreen.storyboard */,
				06C4BE7F1D5463480068DD84 /* Info.plist */,
				06C4BE6E1D5463480068DD84 /* Supporting Files */,
			);
			path = Lianxi;
			sourceTree = "<group>";
		};
		06C4BE6E1D5463480068DD84 /* Supporting Files */ = {
			isa = PBXGroup;
			children = (
				06C4BE931D546C130068DD84 /* PrefixHeader.pch */,
				06C4BE6F1D5463480068DD84 /* main.m */,
			);
			name = "Supporting Files";
			sourceTree = "<group>";
		};
		06C4BE8D1D5468890068DD84 /* Classes */ = {
			isa = PBXGroup;
			children = (
				060C7B791D5ACB1C009D72E3 /* RACCommand */,
				06643C951D59A77200D0837E /* RACSequence */,
				06643C8C1D59699600D0837E /* RACSubjectVC */,
				06C4BE8E1D5468C90068DD84 /* RACSignal */,
				06643C921D59703000D0837E /* MainVC.h */,
				06643C931D59703000D0837E /* MainVC.m */,
			);
			name = Classes;
			sourceTree = "<group>";
		};
		06C4BE8E1D5468C90068DD84 /* RACSignal */ = {
			isa = PBXGroup;
			children = (
				06C4BE8F1D5468F30068DD84 /* RACSignal1.h */,
				06C4BE901D5468F30068DD84 /* RACSignal1.m */,
			);
			name = RACSignal;
			sourceTree = "<group>";
		};
		32DAB207CF03BDE781A2C8E3 /* Frameworks */ = {
			isa = PBXGroup;
			children = (
				5DF70AA80B604FE6D869D844 /* Pods_Lianxi.framework */,
			);
			name = Frameworks;
			sourceTree = "<group>";
		};
		C056C6B9D76F294D505F59A0 /* Pods */ = {
			isa = PBXGroup;
			children = (
				79D9740470DE15AF2F01CEE0 /* Pods-Lianxi.debug.xcconfig */,
				627527803F47331850D6DE54 /* Pods-Lianxi.release.xcconfig */,
			);
			name = Pods;
			sourceTree = "<group>";
		};
/* End PBXGroup section */

/* Begin PBXNativeTarget section */
		06C4BE6A1D5463470068DD84 /* Lianxi */ = {
			isa = PBXNativeTarget;
			buildConfigurationList = 06C4BE821D5463480068DD84 /* Build configuration list for PBXNativeTarget "Lianxi" */;
			buildPhases = (
				1B52D1D86C3FDDCD037A0225 /* [CP] Check Pods Manifest.lock */,
				06C4BE671D5463470068DD84 /* Sources */,
				06C4BE681D5463470068DD84 /* Frameworks */,
				06C4BE691D5463470068DD84 /* Resources */,
				DF6256EA3123AEEC6B10626C /* [CP] Embed Pods Frameworks */,
				57FD1E67B7282AFBC375154B /* [CP] Copy Pods Resources */,
			);
			buildRules = (
			);
			dependencies = (
			);
			name = Lianxi;
			productName = Lianxi;
			productReference = 06C4BE6B1D5463470068DD84 /* Lianxi.app */;
			productType = "com.apple.product-type.application";
		};
/* End PBXNativeTarget section */

/* Begin PBXProject section */
		06C4BE631D5463470068DD84 /* Project object */ = {
			isa = PBXProject;
			attributes = {
				LastUpgradeCheck = 0730;
				ORGANIZATIONNAME = LY;
				TargetAttributes = {
					06C4BE6A1D5463470068DD84 = {
						CreatedOnToolsVersion = 7.3.1;
						DevelopmentTeam = PD5DSFUB55;
					};
				};
			};
			buildConfigurationList = 06C4BE661D5463470068DD84 /* Build configuration list for PBXProject "Lianxi" */;
			compatibilityVersion = "Xcode 3.2";
			developmentRegion = English;
			hasScannedForEncodings = 0;
			knownRegions = (
				en,
				Base,
			);
			mainGroup = 06C4BE621D5463470068DD84;
			productRefGroup = 06C4BE6C1D5463470068DD84 /* Products */;
			projectDirPath = "";
			projectRoot = "";
			targets = (
				06C4BE6A1D5463470068DD84 /* Lianxi */,
			);
		};
/* End PBXProject section */

/* Begin PBXResourcesBuildPhase section */
		06C4BE691D5463470068DD84 /* Resources */ = {
			isa = PBXResourcesBuildPhase;
			buildActionMask = 2147483647;
			files = (
				06C4BE7E1D5463480068DD84 /* LaunchScreen.storyboard in Resources */,
				06C4BE7B1D5463480068DD84 /* Assets.xcassets in Resources */,
				06643C911D5969B000D0837E /* RACSubjectVC.xib in Resources */,
			);
			runOnlyForDeploymentPostprocessing = 0;
		};
/* End PBXResourcesBuildPhase section */

/* Begin PBXShellScriptBuildPhase section */
		1B52D1D86C3FDDCD037A0225 /* [CP] Check Pods Manifest.lock */ = {
			isa = PBXShellScriptBuildPhase;
			buildActionMask = 2147483647;
			files = (
			);
			inputPaths = (
			);
			name = "[CP] Check Pods Manifest.lock";
			outputPaths = (
			);
			runOnlyForDeploymentPostprocessing = 0;
			shellPath = /bin/sh;
			shellScript = "diff \"${PODS_ROOT}/../Podfile.lock\" \"${PODS_ROOT}/Manifest.lock\" > /dev/null\nif [[ $? != 0 ]] ; then\n    cat << EOM\nerror: The sandbox is not in sync with the Podfile.lock. Run 'pod install' or update your CocoaPods installation.\nEOM\n    exit 1\nfi\n";
			showEnvVarsInLog = 0;
		};
		57FD1E67B7282AFBC375154B /* [CP] Copy Pods Resources */ = {
			isa = PBXShellScriptBuildPhase;
			buildActionMask = 2147483647;
			files = (
			);
			inputPaths = (
			);
			name = "[CP] Copy Pods Resources";
			outputPaths = (
			);
			runOnlyForDeploymentPostprocessing = 0;
			shellPath = /bin/sh;
			shellScript = "\"${SRCROOT}/Pods/Target Support Files/Pods-Lianxi/Pods-Lianxi-resources.sh\"\n";
			showEnvVarsInLog = 0;
		};
		DF6256EA3123AEEC6B10626C /* [CP] Embed Pods Frameworks */ = {
			isa = PBXShellScriptBuildPhase;
			buildActionMask = 2147483647;
			files = (
			);
			inputPaths = (
			);
			name = "[CP] Embed Pods Frameworks";
			outputPaths = (
			);
			runOnlyForDeploymentPostprocessing = 0;
			shellPath = /bin/sh;
			shellScript = "\"${SRCROOT}/Pods/Target Support Files/Pods-Lianxi/Pods-Lianxi-frameworks.sh\"\n";
			showEnvVarsInLog = 0;
		};
/* End PBXShellScriptBuildPhase section */

/* Begin PBXSourcesBuildPhase section */
		06C4BE671D5463470068DD84 /* Sources */ = {
			isa = PBXSourcesBuildPhase;
			buildActionMask = 2147483647;
			files = (
				06643C981D59A78900D0837E /* RACSequenceVC.m in Sources */,
				06643C901D5969B000D0837E /* RACSubjectVC.m in Sources */,
				06C4BE731D5463480068DD84 /* AppDelegate.m in Sources */,
				06C4BE701D5463480068DD84 /* main.m in Sources */,
				06643C941D59703000D0837E /* MainVC.m in Sources */,
				060C7B781D5AC1F5009D72E3 /* RACMulticastConnectionVC.m in Sources */,
				06C4BE911D5468F30068DD84 /* RACSignal1.m in Sources */,
				060C7B7C1D5ACB39009D72E3 /* RACCommandVC.m in Sources */,
			);
			runOnlyForDeploymentPostprocessing = 0;
		};
/* End PBXSourcesBuildPhase section */

/* Begin PBXVariantGroup section */
		06C4BE7C1D5463480068DD84 /* LaunchScreen.storyboard */ = {
			isa = PBXVariantGroup;
			children = (
				06C4BE7D1D5463480068DD84 /* Base */,
			);
			name = LaunchScreen.storyboard;
			sourceTree = "<group>";
		};
/* End PBXVariantGroup section */

/* Begin XCBuildConfiguration section */
		06C4BE801D5463480068DD84 /* Debug */ = {
			isa = XCBuildConfiguration;
			buildSettings = {
				ALWAYS_SEARCH_USER_PATHS = NO;
				CLANG_ANALYZER_NONNULL = YES;
				CLANG_CXX_LANGUAGE_STANDARD = "gnu++0x";
				CLANG_CXX_LIBRARY = "libc++";
				CLANG_ENABLE_MODULES = YES;
				CLANG_ENABLE_OBJC_ARC = YES;
				CLANG_WARN_BOOL_CONVERSION = YES;
				CLANG_WARN_CONSTANT_CONVERSION = YES;
				CLANG_WARN_DIRECT_OBJC_ISA_USAGE = YES_ERROR;
				CLANG_WARN_EMPTY_BODY = YES;
				CLANG_WARN_ENUM_CONVERSION = YES;
				CLANG_WARN_INT_CONVERSION = YES;
				CLANG_WARN_OBJC_ROOT_CLASS = YES_ERROR;
				CLANG_WARN_UNREACHABLE_CODE = YES;
				CLANG_WARN__DUPLICATE_METHOD_MATCH = YES;
				"CODE_SIGN_IDENTITY[sdk=iphoneos*]" = "iPhone Developer";
				COPY_PHASE_STRIP = NO;
				DEBUG_INFORMATION_FORMAT = dwarf;
				ENABLE_STRICT_OBJC_MSGSEND = YES;
				ENABLE_TESTABILITY = YES;
				GCC_C_LANGUAGE_STANDARD = gnu99;
				GCC_DYNAMIC_NO_PIC = NO;
				GCC_NO_COMMON_BLOCKS = YES;
				GCC_OPTIMIZATION_LEVEL = 0;
				GCC_PREPROCESSOR_DEFINITIONS = (
					"DEBUG=1",
					"$(inherited)",
				);
				GCC_WARN_64_TO_32_BIT_CONVERSION = YES;
				GCC_WARN_ABOUT_RETURN_TYPE = YES_ERROR;
				GCC_WARN_UNDECLARED_SELECTOR = YES;
				GCC_WARN_UNINITIALIZED_AUTOS = YES_AGGRESSIVE;
				GCC_WARN_UNUSED_FUNCTION = YES;
				GCC_WARN_UNUSED_VARIABLE = YES;
				IPHONEOS_DEPLOYMENT_TARGET = 9.3;
				MTL_ENABLE_DEBUG_INFO = YES;
				ONLY_ACTIVE_ARCH = YES;
				SDKROOT = iphoneos;
				TARGETED_DEVICE_FAMILY = "1,2";
			};
			name = Debug;
		};
		06C4BE811D5463480068DD84 /* Release */ = {
			isa = XCBuildConfiguration;
			buildSettings = {
				ALWAYS_SEARCH_USER_PATHS = NO;
				CLANG_ANALYZER_NONNULL = YES;
				CLANG_CXX_LANGUAGE_STANDARD = "gnu++0x";
				CLANG_CXX_LIBRARY = "libc++";
				CLANG_ENABLE_MODULES = YES;
				CLANG_ENABLE_OBJC_ARC = YES;
				CLANG_WARN_BOOL_CONVERSION = YES;
				CLANG_WARN_CONSTANT_CONVERSION = YES;
				CLANG_WARN_DIRECT_OBJC_ISA_USAGE = YES_ERROR;
				CLANG_WARN_EMPTY_BODY = YES;
				CLANG_WARN_ENUM_CONVERSION = YES;
				CLANG_WARN_INT_CONVERSION = YES;
				CLANG_WARN_OBJC_ROOT_CLASS = YES_ERROR;
				CLANG_WARN_UNREACHABLE_CODE = YES;
				CLANG_WARN__DUPLICATE_METHOD_MATCH = YES;
				"CODE_SIGN_IDENTITY[sdk=iphoneos*]" = "iPhone Developer";
				COPY_PHASE_STRIP = NO;
				DEBUG_INFORMATION_FORMAT = "dwarf-with-dsym";
				ENABLE_NS_ASSERTIONS = NO;
				ENABLE_STRICT_OBJC_MSGSEND = YES;
				GCC_C_LANGUAGE_STANDARD = gnu99;
				GCC_NO_COMMON_BLOCKS = YES;
				GCC_WARN_64_TO_32_BIT_CONVERSION = YES;
				GCC_WARN_ABOUT_RETURN_TYPE = YES_ERROR;
				GCC_WARN_UNDECLARED_SELECTOR = YES;
				GCC_WARN_UNINITIALIZED_AUTOS = YES_AGGRESSIVE;
				GCC_WARN_UNUSED_FUNCTION = YES;
				GCC_WARN_UNUSED_VARIABLE = YES;
				IPHONEOS_DEPLOYMENT_TARGET = 9.3;
				MTL_ENABLE_DEBUG_INFO = NO;
				SDKROOT = iphoneos;
				TARGETED_DEVICE_FAMILY = "1,2";
				VALIDATE_PRODUCT = YES;
			};
			name = Release;
		};
		06C4BE831D5463480068DD84 /* Debug */ = {
			isa = XCBuildConfiguration;
			baseConfigurationReference = 79D9740470DE15AF2F01CEE0 /* Pods-Lianxi.debug.xcconfig */;
			buildSettings = {
				ASSETCATALOG_COMPILER_APPICON_NAME = AppIcon;
				GCC_PREFIX_HEADER = "$(SRCROOT)/$(PRODUCT_NAME)/PrefixHeader.pch";
				INFOPLIST_FILE = Lianxi/Info.plist;
				LD_RUNPATH_SEARCH_PATHS = "$(inherited) @executable_path/Frameworks";
				PRODUCT_BUNDLE_IDENTIFIER = LY.Lianxi;
				PRODUCT_NAME = "$(TARGET_NAME)";
			};
			name = Debug;
		};
		06C4BE841D5463480068DD84 /* Release */ = {
			isa = XCBuildConfiguration;
			baseConfigurationReference = 627527803F47331850D6DE54 /* Pods-Lianxi.release.xcconfig */;
			buildSettings = {
				ASSETCATALOG_COMPILER_APPICON_NAME = AppIcon;
				GCC_PREFIX_HEADER = "$(SRCROOT)/$(PRODUCT_NAME)/PrefixHeader.pch";
				INFOPLIST_FILE = Lianxi/Info.plist;
				LD_RUNPATH_SEARCH_PATHS = "$(inherited) @executable_path/Frameworks";
				PRODUCT_BUNDLE_IDENTIFIER = LY.Lianxi;
				PRODUCT_NAME = "$(TARGET_NAME)";
			};
			name = Release;
		};
/* End XCBuildConfiguration section */

/* Begin XCConfigurationList section */
		06C4BE661D5463470068DD84 /* Build configuration list for PBXProject "Lianxi" */ = {
			isa = XCConfigurationList;
			buildConfigurations = (
				06C4BE801D5463480068DD84 /* Debug */,
				06C4BE811D5463480068DD84 /* Release */,
			);
			defaultConfigurationIsVisible = 0;
			defaultConfigurationName = Release;
		};
		06C4BE821D5463480068DD84 /* Build configuration list for PBXNativeTarget "Lianxi" */ = {
			isa = XCConfigurationList;
			buildConfigurations = (
				06C4BE831D5463480068DD84 /* Debug */,
				06C4BE841D5463480068DD84 /* Release */,
			);
			defaultConfigurationIsVisible = 0;
			defaultConfigurationName = Release;
		};
/* End XCConfigurationList section */
	};
	rootObject = 06C4BE631D5463470068DD84 /* Project object */;
}
