PODS:
  - ReactiveCocoa (4.2.1):
    - Result (~> 2.0)
  - Result (2.1.3)

DEPENDENCIES:
  - ReactiveCocoa

SPEC CHECKSUMS:
  ReactiveCocoa: 5a42745f11ea236f405bb9ce5e97c5e3b23562dd
  Result: 18e1a7597fbcca5923c565b40a25a98afafdee02

PODFILE CHECKSUM: ba07b02926268155c1f9b9b19e04bea0033c281e

COCOAPODS: 1.0.1
