// !$*UTF8*$!
{
	archiveVersion = 1;
	classes = {
	};
	objectVersion = 46;
	objects = {

/* Begin PBXBuildFile section */
		0654A23A1D6A96E500091639 /* main.m in Sources */ = {isa = PBXBuildFile; fileRef = 0654A2391D6A96E500091639 /* main.m */; };
		0654A23D1D6A96E500091639 /* AppDelegate.m in Sources */ = {isa = PBXBuildFile; fileRef = 0654A23C1D6A96E500091639 /* AppDelegate.m */; };
		0654A2401D6A96E500091639 /* ViewController.m in Sources */ = {isa = PBXBuildFile; fileRef = 0654A23F1D6A96E500091639 /* ViewController.m */; };
		0654A2431D6A96E500091639 /* Main.storyboard in Resources */ = {isa = PBXBuildFile; fileRef = 0654A2411D6A96E500091639 /* Main.storyboard */; };
		0654A2451D6A96E500091639 /* Assets.xcassets in Resources */ = {isa = PBXBuildFile; fileRef = 0654A2441D6A96E500091639 /* Assets.xcassets */; };
		0654A2481D6A96E500091639 /* LaunchScreen.storyboard in Resources */ = {isa = PBXBuildFile; fileRef = 0654A2461D6A96E500091639 /* LaunchScreen.storyboard */; };
		0654A2511D6A98F500091639 /* ViewModel.m in Sources */ = {isa = PBXBuildFile; fileRef = 0654A2501D6A98F500091639 /* ViewModel.m */; };
		0654A2591D6A9A6100091639 /* FYNetworkManger.m in Sources */ = {isa = PBXBuildFile; fileRef = 0654A2561D6A9A6100091639 /* FYNetworkManger.m */; };
		0654A25A1D6A9A6100091639 /* FYRequestTool.m in Sources */ = {isa = PBXBuildFile; fileRef = 0654A2581D6A9A6100091639 /* FYRequestTool.m */; };
		0A9F05B13A93A087E6C1363C /* Pods_the_basis_of_RACCommand.framework in Frameworks */ = {isa = PBXBuildFile; fileRef = 80BF00A4C39A2AD059100248 /* Pods_the_basis_of_RACCommand.framework */; };
/* End PBXBuildFile section */

/* Begin PBXFileReference section */
		0654A2351D6A96E500091639 /* the basis of RACCommand.app */ = {isa = PBXFileReference; explicitFileType = wrapper.application; includeInIndex = 0; path = "the basis of RACCommand.app"; sourceTree = BUILT_PRODUCTS_DIR; };
		0654A2391D6A96E500091639 /* main.m */ = {isa = PBXFileReference; lastKnownFileType = sourcecode.c.objc; path = main.m; sourceTree = "<group>"; };
		0654A23B1D6A96E500091639 /* AppDelegate.h */ = {isa = PBXFileReference; lastKnownFileType = sourcecode.c.h; path = AppDelegate.h; sourceTree = "<group>"; };
		0654A23C1D6A96E500091639 /* AppDelegate.m */ = {isa = PBXFileReference; lastKnownFileType = sourcecode.c.objc; path = AppDelegate.m; sourceTree = "<group>"; };
		0654A23E1D6A96E500091639 /* ViewController.h */ = {isa = PBXFileReference; lastKnownFileType = sourcecode.c.h; path = ViewController.h; sourceTree = "<group>"; };
		0654A23F1D6A96E500091639 /* ViewController.m */ = {isa = PBXFileReference; lastKnownFileType = sourcecode.c.objc; path = ViewController.m; sourceTree = "<group>"; };
		0654A2421D6A96E500091639 /* Base */ = {isa = PBXFileReference; lastKnownFileType = file.storyboard; name = Base; path = Base.lproj/Main.storyboard; sourceTree = "<group>"; };
		0654A2441D6A96E500091639 /* Assets.xcassets */ = {isa = PBXFileReference; lastKnownFileType = folder.assetcatalog; path = Assets.xcassets; sourceTree = "<group>"; };
		0654A2471D6A96E500091639 /* Base */ = {isa = PBXFileReference; lastKnownFileType = file.storyboard; name = Base; path = Base.lproj/LaunchScreen.storyboard; sourceTree = "<group>"; };
		0654A2491D6A96E500091639 /* Info.plist */ = {isa = PBXFileReference; lastKnownFileType = text.plist.xml; path = Info.plist; sourceTree = "<group>"; };
		0654A24F1D6A98F500091639 /* ViewModel.h */ = {isa = PBXFileReference; fileEncoding = 4; lastKnownFileType = sourcecode.c.h; path = ViewModel.h; sourceTree = "<group>"; };
		0654A2501D6A98F500091639 /* ViewModel.m */ = {isa = PBXFileReference; fileEncoding = 4; lastKnownFileType = sourcecode.c.objc; path = ViewModel.m; sourceTree = "<group>"; };
		0654A2561D6A9A6100091639 /* FYNetworkManger.m */ = {isa = PBXFileReference; fileEncoding = 4; lastKnownFileType = sourcecode.c.objc; path = FYNetworkManger.m; sourceTree = "<group>"; };
		0654A2571D6A9A6100091639 /* FYRequestTool.h */ = {isa = PBXFileReference; fileEncoding = 4; lastKnownFileType = sourcecode.c.h; path = FYRequestTool.h; sourceTree = "<group>"; };
		0654A2581D6A9A6100091639 /* FYRequestTool.m */ = {isa = PBXFileReference; fileEncoding = 4; lastKnownFileType = sourcecode.c.objc; path = FYRequestTool.m; sourceTree = "<group>"; };
		0654A25B1D6A9A6700091639 /* FYNetworkManger.h */ = {isa = PBXFileReference; lastKnownFileType = sourcecode.c.h; path = FYNetworkManger.h; sourceTree = "<group>"; };
		4E22AA957BF902C9EBC189D0 /* Pods-the basis of RACCommand.debug.xcconfig */ = {isa = PBXFileReference; includeInIndex = 1; lastKnownFileType = text.xcconfig; name = "Pods-the basis of RACCommand.debug.xcconfig"; path = "Pods/Target Support Files/Pods-the basis of RACCommand/Pods-the basis of RACCommand.debug.xcconfig"; sourceTree = "<group>"; };
		80BF00A4C39A2AD059100248 /* Pods_the_basis_of_RACCommand.framework */ = {isa = PBXFileReference; explicitFileType = wrapper.framework; includeInIndex = 0; path = Pods_the_basis_of_RACCommand.framework; sourceTree = BUILT_PRODUCTS_DIR; };
		A3B31DD79DF98852EDD0730A /* Pods-the basis of RACCommand.release.xcconfig */ = {isa = PBXFileReference; includeInIndex = 1; lastKnownFileType = text.xcconfig; name = "Pods-the basis of RACCommand.release.xcconfig"; path = "Pods/Target Support Files/Pods-the basis of RACCommand/Pods-the basis of RACCommand.release.xcconfig"; sourceTree = "<group>"; };
/* End PBXFileReference section */

/* Begin PBXFrameworksBuildPhase section */
		0654A2321D6A96E500091639 /* Frameworks */ = {
			isa = PBXFrameworksBuildPhase;
			buildActionMask = 2147483647;
			files = (
				0A9F05B13A93A087E6C1363C /* Pods_the_basis_of_RACCommand.framework in Frameworks */,
			);
			runOnlyForDeploymentPostprocessing = 0;
		};
/* End PBXFrameworksBuildPhase section */

/* Begin PBXGroup section */
		0654A22C1D6A96E500091639 = {
			isa = PBXGroup;
			children = (
				0654A2371D6A96E500091639 /* the basis of RACCommand */,
				0654A2361D6A96E500091639 /* Products */,
				36CED860C342B272E426A7D4 /* Pods */,
				C0A1993F44424C1B3D1DC4C8 /* Frameworks */,
			);
			sourceTree = "<group>";
		};
		0654A2361D6A96E500091639 /* Products */ = {
			isa = PBXGroup;
			children = (
				0654A2351D6A96E500091639 /* the basis of RACCommand.app */,
			);
			name = Products;
			sourceTree = "<group>";
		};
		0654A2371D6A96E500091639 /* the basis of RACCommand */ = {
			isa = PBXGroup;
			children = (
				0654A2551D6A9A4D00091639 /* Tools */,
				0654A2541D6A9A2000091639 /* Controllers */,
				0654A2531D6A9A1500091639 /* Model */,
				0654A2521D6A9A0300091639 /* ViewModel */,
				0654A23B1D6A96E500091639 /* AppDelegate.h */,
				0654A23C1D6A96E500091639 /* AppDelegate.m */,
				0654A2441D6A96E500091639 /* Assets.xcassets */,
				0654A2461D6A96E500091639 /* LaunchScreen.storyboard */,
				0654A2491D6A96E500091639 /* Info.plist */,
				0654A2381D6A96E500091639 /* Supporting Files */,
			);
			path = "the basis of RACCommand";
			sourceTree = "<group>";
		};
		0654A2381D6A96E500091639 /* Supporting Files */ = {
			isa = PBXGroup;
			children = (
				0654A2391D6A96E500091639 /* main.m */,
			);
			name = "Supporting Files";
			sourceTree = "<group>";
		};
		0654A2521D6A9A0300091639 /* ViewModel */ = {
			isa = PBXGroup;
			children = (
				0654A24F1D6A98F500091639 /* ViewModel.h */,
				0654A2501D6A98F500091639 /* ViewModel.m */,
			);
			name = ViewModel;
			sourceTree = "<group>";
		};
		0654A2531D6A9A1500091639 /* Model */ = {
			isa = PBXGroup;
			children = (
			);
			name = Model;
			sourceTree = "<group>";
		};
		0654A2541D6A9A2000091639 /* Controllers */ = {
			isa = PBXGroup;
			children = (
				0654A23E1D6A96E500091639 /* ViewController.h */,
				0654A23F1D6A96E500091639 /* ViewController.m */,
				0654A2411D6A96E500091639 /* Main.storyboard */,
			);
			name = Controllers;
			sourceTree = "<group>";
		};
		0654A2551D6A9A4D00091639 /* Tools */ = {
			isa = PBXGroup;
			children = (
				0654A25B1D6A9A6700091639 /* FYNetworkManger.h */,
				0654A2561D6A9A6100091639 /* FYNetworkManger.m */,
				0654A2571D6A9A6100091639 /* FYRequestTool.h */,
				0654A2581D6A9A6100091639 /* FYRequestTool.m */,
			);
			name = Tools;
			sourceTree = "<group>";
		};
		36CED860C342B272E426A7D4 /* Pods */ = {
			isa = PBXGroup;
			children = (
				4E22AA957BF902C9EBC189D0 /* Pods-the basis of RACCommand.debug.xcconfig */,
				A3B31DD79DF98852EDD0730A /* Pods-the basis of RACCommand.release.xcconfig */,
			);
			name = Pods;
			sourceTree = "<group>";
		};
		C0A1993F44424C1B3D1DC4C8 /* Frameworks */ = {
			isa = PBXGroup;
			children = (
				80BF00A4C39A2AD059100248 /* Pods_the_basis_of_RACCommand.framework */,
			);
			name = Frameworks;
			sourceTree = "<group>";
		};
/* End PBXGroup section */

/* Begin PBXNativeTarget section */
		0654A2341D6A96E500091639 /* the basis of RACCommand */ = {
			isa = PBXNativeTarget;
			buildConfigurationList = 0654A24C1D6A96E500091639 /* Build configuration list for PBXNativeTarget "the basis of RACCommand" */;
			buildPhases = (
				E37F6A1BDA403B86320ACB47 /* [CP] Check Pods Manifest.lock */,
				0654A2311D6A96E500091639 /* Sources */,
				0654A2321D6A96E500091639 /* Frameworks */,
				0654A2331D6A96E500091639 /* Resources */,
				BB6A544DD74F6D0F22318910 /* [CP] Embed Pods Frameworks */,
				6F353C9195B285C01ED83A41 /* [CP] Copy Pods Resources */,
			);
			buildRules = (
			);
			dependencies = (
			);
			name = "the basis of RACCommand";
			productName = "the basis of RACCommand";
			productReference = 0654A2351D6A96E500091639 /* the basis of RACCommand.app */;
			productType = "com.apple.product-type.application";
		};
/* End PBXNativeTarget section */

/* Begin PBXProject section */
		0654A22D1D6A96E500091639 /* Project object */ = {
			isa = PBXProject;
			attributes = {
				LastUpgradeCheck = 0730;
				ORGANIZATIONNAME = LY;
				TargetAttributes = {
					0654A2341D6A96E500091639 = {
						CreatedOnToolsVersion = 7.3.1;
						DevelopmentTeam = PD5DSFUB55;
					};
				};
			};
			buildConfigurationList = 0654A2301D6A96E500091639 /* Build configuration list for PBXProject "the basis of RACCommand" */;
			compatibilityVersion = "Xcode 3.2";
			developmentRegion = English;
			hasScannedForEncodings = 0;
			knownRegions = (
				en,
				Base,
			);
			mainGroup = 0654A22C1D6A96E500091639;
			productRefGroup = 0654A2361D6A96E500091639 /* Products */;
			projectDirPath = "";
			projectRoot = "";
			targets = (
				0654A2341D6A96E500091639 /* the basis of RACCommand */,
			);
		};
/* End PBXProject section */

/* Begin PBXResourcesBuildPhase section */
		0654A2331D6A96E500091639 /* Resources */ = {
			isa = PBXResourcesBuildPhase;
			buildActionMask = 2147483647;
			files = (
				0654A2481D6A96E500091639 /* LaunchScreen.storyboard in Resources */,
				0654A2451D6A96E500091639 /* Assets.xcassets in Resources */,
				0654A2431D6A96E500091639 /* Main.storyboard in Resources */,
			);
			runOnlyForDeploymentPostprocessing = 0;
		};
/* End PBXResourcesBuildPhase section */

/* Begin PBXShellScriptBuildPhase section */
		6F353C9195B285C01ED83A41 /* [CP] Copy Pods Resources */ = {
			isa = PBXShellScriptBuildPhase;
			buildActionMask = 2147483647;
			files = (
			);
			inputPaths = (
			);
			name = "[CP] Copy Pods Resources";
			outputPaths = (
			);
			runOnlyForDeploymentPostprocessing = 0;
			shellPath = /bin/sh;
			shellScript = "\"${SRCROOT}/Pods/Target Support Files/Pods-the basis of RACCommand/Pods-the basis of RACCommand-resources.sh\"\n";
			showEnvVarsInLog = 0;
		};
		BB6A544DD74F6D0F22318910 /* [CP] Embed Pods Frameworks */ = {
			isa = PBXShellScriptBuildPhase;
			buildActionMask = 2147483647;
			files = (
			);
			inputPaths = (
			);
			name = "[CP] Embed Pods Frameworks";
			outputPaths = (
			);
			runOnlyForDeploymentPostprocessing = 0;
			shellPath = /bin/sh;
			shellScript = "\"${SRCROOT}/Pods/Target Support Files/Pods-the basis of RACCommand/Pods-the basis of RACCommand-frameworks.sh\"\n";
			showEnvVarsInLog = 0;
		};
		E37F6A1BDA403B86320ACB47 /* [CP] Check Pods Manifest.lock */ = {
			isa = PBXShellScriptBuildPhase;
			buildActionMask = 2147483647;
			files = (
			);
			inputPaths = (
			);
			name = "[CP] Check Pods Manifest.lock";
			outputPaths = (
			);
			runOnlyForDeploymentPostprocessing = 0;
			shellPath = /bin/sh;
			shellScript = "diff \"${PODS_ROOT}/../Podfile.lock\" \"${PODS_ROOT}/Manifest.lock\" > /dev/null\nif [[ $? != 0 ]] ; then\n    cat << EOM\nerror: The sandbox is not in sync with the Podfile.lock. Run 'pod install' or update your CocoaPods installation.\nEOM\n    exit 1\nfi\n";
			showEnvVarsInLog = 0;
		};
/* End PBXShellScriptBuildPhase section */

/* Begin PBXSourcesBuildPhase section */
		0654A2311D6A96E500091639 /* Sources */ = {
			isa = PBXSourcesBuildPhase;
			buildActionMask = 2147483647;
			files = (
				0654A2401D6A96E500091639 /* ViewController.m in Sources */,
				0654A23D1D6A96E500091639 /* AppDelegate.m in Sources */,
				0654A25A1D6A9A6100091639 /* FYRequestTool.m in Sources */,
				0654A2591D6A9A6100091639 /* FYNetworkManger.m in Sources */,
				0654A2511D6A98F500091639 /* ViewModel.m in Sources */,
				0654A23A1D6A96E500091639 /* main.m in Sources */,
			);
			runOnlyForDeploymentPostprocessing = 0;
		};
/* End PBXSourcesBuildPhase section */

/* Begin PBXVariantGroup section */
		0654A2411D6A96E500091639 /* Main.storyboard */ = {
			isa = PBXVariantGroup;
			children = (
				0654A2421D6A96E500091639 /* Base */,
			);
			name = Main.storyboard;
			sourceTree = "<group>";
		};
		0654A2461D6A96E500091639 /* LaunchScreen.storyboard */ = {
			isa = PBXVariantGroup;
			children = (
				0654A2471D6A96E500091639 /* Base */,
			);
			name = LaunchScreen.storyboard;
			sourceTree = "<group>";
		};
/* End PBXVariantGroup section */

/* Begin XCBuildConfiguration section */
		0654A24A1D6A96E500091639 /* Debug */ = {
			isa = XCBuildConfiguration;
			buildSettings = {
				ALWAYS_SEARCH_USER_PATHS = NO;
				CLANG_ANALYZER_NONNULL = YES;
				CLANG_CXX_LANGUAGE_STANDARD = "gnu++0x";
				CLANG_CXX_LIBRARY = "libc++";
				CLANG_ENABLE_MODULES = YES;
				CLANG_ENABLE_OBJC_ARC = YES;
				CLANG_WARN_BOOL_CONVERSION = YES;
				CLANG_WARN_CONSTANT_CONVERSION = YES;
				CLANG_WARN_DIRECT_OBJC_ISA_USAGE = YES_ERROR;
				CLANG_WARN_EMPTY_BODY = YES;
				CLANG_WARN_ENUM_CONVERSION = YES;
				CLANG_WARN_INT_CONVERSION = YES;
				CLANG_WARN_OBJC_ROOT_CLASS = YES_ERROR;
				CLANG_WARN_UNREACHABLE_CODE = YES;
				CLANG_WARN__DUPLICATE_METHOD_MATCH = YES;
				"CODE_SIGN_IDENTITY[sdk=iphoneos*]" = "iPhone Developer";
				COPY_PHASE_STRIP = NO;
				DEBUG_INFORMATION_FORMAT = dwarf;
				ENABLE_STRICT_OBJC_MSGSEND = YES;
				ENABLE_TESTABILITY = YES;
				GCC_C_LANGUAGE_STANDARD = gnu99;
				GCC_DYNAMIC_NO_PIC = NO;
				GCC_NO_COMMON_BLOCKS = YES;
				GCC_OPTIMIZATION_LEVEL = 0;
				GCC_PREPROCESSOR_DEFINITIONS = (
					"DEBUG=1",
					"$(inherited)",
				);
				GCC_WARN_64_TO_32_BIT_CONVERSION = YES;
				GCC_WARN_ABOUT_RETURN_TYPE = YES_ERROR;
				GCC_WARN_UNDECLARED_SELECTOR = YES;
				GCC_WARN_UNINITIALIZED_AUTOS = YES_AGGRESSIVE;
				GCC_WARN_UNUSED_FUNCTION = YES;
				GCC_WARN_UNUSED_VARIABLE = YES;
				IPHONEOS_DEPLOYMENT_TARGET = 9.3;
				MTL_ENABLE_DEBUG_INFO = YES;
				ONLY_ACTIVE_ARCH = YES;
				SDKROOT = iphoneos;
				TARGETED_DEVICE_FAMILY = "1,2";
			};
			name = Debug;
		};
		0654A24B1D6A96E500091639 /* Release */ = {
			isa = XCBuildConfiguration;
			buildSettings = {
				ALWAYS_SEARCH_USER_PATHS = NO;
				CLANG_ANALYZER_NONNULL = YES;
				CLANG_CXX_LANGUAGE_STANDARD = "gnu++0x";
				CLANG_CXX_LIBRARY = "libc++";
				CLANG_ENABLE_MODULES = YES;
				CLANG_ENABLE_OBJC_ARC = YES;
				CLANG_WARN_BOOL_CONVERSION = YES;
				CLANG_WARN_CONSTANT_CONVERSION = YES;
				CLANG_WARN_DIRECT_OBJC_ISA_USAGE = YES_ERROR;
				CLANG_WARN_EMPTY_BODY = YES;
				CLANG_WARN_ENUM_CONVERSION = YES;
				CLANG_WARN_INT_CONVERSION = YES;
				CLANG_WARN_OBJC_ROOT_CLASS = YES_ERROR;
				CLANG_WARN_UNREACHABLE_CODE = YES;
				CLANG_WARN__DUPLICATE_METHOD_MATCH = YES;
				"CODE_SIGN_IDENTITY[sdk=iphoneos*]" = "iPhone Developer";
				COPY_PHASE_STRIP = NO;
				DEBUG_INFORMATION_FORMAT = "dwarf-with-dsym";
				ENABLE_NS_ASSERTIONS = NO;
				ENABLE_STRICT_OBJC_MSGSEND = YES;
				GCC_C_LANGUAGE_STANDARD = gnu99;
				GCC_NO_COMMON_BLOCKS = YES;
				GCC_WARN_64_TO_32_BIT_CONVERSION = YES;
				GCC_WARN_ABOUT_RETURN_TYPE = YES_ERROR;
				GCC_WARN_UNDECLARED_SELECTOR = YES;
				GCC_WARN_UNINITIALIZED_AUTOS = YES_AGGRESSIVE;
				GCC_WARN_UNUSED_FUNCTION = YES;
				GCC_WARN_UNUSED_VARIABLE = YES;
				IPHONEOS_DEPLOYMENT_TARGET = 9.3;
				MTL_ENABLE_DEBUG_INFO = NO;
				SDKROOT = iphoneos;
				TARGETED_DEVICE_FAMILY = "1,2";
				VALIDATE_PRODUCT = YES;
			};
			name = Release;
		};
		0654A24D1D6A96E500091639 /* Debug */ = {
			isa = XCBuildConfiguration;
			baseConfigurationReference = 4E22AA957BF902C9EBC189D0 /* Pods-the basis of RACCommand.debug.xcconfig */;
			buildSettings = {
				ASSETCATALOG_COMPILER_APPICON_NAME = AppIcon;
				INFOPLIST_FILE = "the basis of RACCommand/Info.plist";
				LD_RUNPATH_SEARCH_PATHS = "$(inherited) @executable_path/Frameworks";
				PRODUCT_BUNDLE_IDENTIFIER = "LY.the-basis-of-RACCommand";
				PRODUCT_NAME = "$(TARGET_NAME)";
			};
			name = Debug;
		};
		0654A24E1D6A96E500091639 /* Release */ = {
			isa = XCBuildConfiguration;
			baseConfigurationReference = A3B31DD79DF98852EDD0730A /* Pods-the basis of RACCommand.release.xcconfig */;
			buildSettings = {
				ASSETCATALOG_COMPILER_APPICON_NAME = AppIcon;
				INFOPLIST_FILE = "the basis of RACCommand/Info.plist";
				LD_RUNPATH_SEARCH_PATHS = "$(inherited) @executable_path/Frameworks";
				PRODUCT_BUNDLE_IDENTIFIER = "LY.the-basis-of-RACCommand";
				PRODUCT_NAME = "$(TARGET_NAME)";
			};
			name = Release;
		};
/* End XCBuildConfiguration section */

/* Begin XCConfigurationList section */
		0654A2301D6A96E500091639 /* Build configuration list for PBXProject "the basis of RACCommand" */ = {
			isa = XCConfigurationList;
			buildConfigurations = (
				0654A24A1D6A96E500091639 /* Debug */,
				0654A24B1D6A96E500091639 /* Release */,
			);
			defaultConfigurationIsVisible = 0;
			defaultConfigurationName = Release;
		};
		0654A24C1D6A96E500091639 /* Build configuration list for PBXNativeTarget "the basis of RACCommand" */ = {
			isa = XCConfigurationList;
			buildConfigurations = (
				0654A24D1D6A96E500091639 /* Debug */,
				0654A24E1D6A96E500091639 /* Release */,
			);
			defaultConfigurationIsVisible = 0;
			defaultConfigurationName = Release;
		};
/* End XCConfigurationList section */
	};
	rootObject = 0654A22D1D6A96E500091639 /* Project object */;
}
