PODS:
  - AFNetworking (3.1.0):
    - AFNetworking/NSURLSession (= 3.1.0)
    - AFNetworking/Reachability (= 3.1.0)
    - AFNetworking/Security (= 3.1.0)
    - AFNetworking/Serialization (= 3.1.0)
    - AFNetworking/UIKit (= 3.1.0)
  - AFNetworking/NSURLSession (3.1.0):
    - AFNetworking/Reachability
    - AFNetworking/Security
    - AFNetworking/Serialization
  - AFNetworking/Reachability (3.1.0)
  - AFNetworking/Security (3.1.0)
  - AFNetworking/Serialization (3.1.0)
  - AFNetworking/UIKit (3.1.0):
    - AFNetworking/NSURLSession
  - ReactiveCocoa (4.2.1):
    - Result (~> 2.0)
  - Result (2.1.3)

DEPENDENCIES:
  - AFNetworking
  - ReactiveCocoa

SPEC CHECKSUMS:
  AFNetworking: 5e0e199f73d8626b11e79750991f5d173d1f8b67
  ReactiveCocoa: 5a42745f11ea236f405bb9ce5e97c5e3b23562dd
  Result: 18e1a7597fbcca5923c565b40a25a98afafdee02

PODFILE CHECKSUM: 5251c3f2b0f2bb02a22115ce44a432fa4dd75169

COCOAPODS: 1.0.1
