// !$*UTF8*$!
{
	archiveVersion = 1;
	classes = {
	};
	objectVersion = 46;
	objects = {

/* Begin PBXBuildFile section */
		061362E71D6D92C400AFD1E7 /* main.m in Sources */ = {isa = PBXBuildFile; fileRef = 061362E61D6D92C400AFD1E7 /* main.m */; };
		061362EA1D6D92C400AFD1E7 /* AppDelegate.m in Sources */ = {isa = PBXBuildFile; fileRef = 061362E91D6D92C400AFD1E7 /* AppDelegate.m */; };
		061362F21D6D92C400AFD1E7 /* Assets.xcassets in Resources */ = {isa = PBXBuildFile; fileRef = 061362F11D6D92C400AFD1E7 /* Assets.xcassets */; };
		061362F51D6D92C400AFD1E7 /* LaunchScreen.storyboard in Resources */ = {isa = PBXBuildFile; fileRef = 061362F31D6D92C400AFD1E7 /* LaunchScreen.storyboard */; };
		061362FF1D6D95FB00AFD1E7 /* MainVC.m in Sources */ = {isa = PBXBuildFile; fileRef = 061362FD1D6D95FB00AFD1E7 /* MainVC.m */; };
		061363001D6D95FB00AFD1E7 /* MainVC.xib in Resources */ = {isa = PBXBuildFile; fileRef = 061362FE1D6D95FB00AFD1E7 /* MainVC.xib */; };
		061363081D6D9EC700AFD1E7 /* DelegateVC.m in Sources */ = {isa = PBXBuildFile; fileRef = 061363061D6D9EC700AFD1E7 /* DelegateVC.m */; };
		061363091D6D9EC700AFD1E7 /* DelegateVC.xib in Resources */ = {isa = PBXBuildFile; fileRef = 061363071D6D9EC700AFD1E7 /* DelegateVC.xib */; };
		06ADFDE61D70200B00ACF89E /* TimerVC.m in Sources */ = {isa = PBXBuildFile; fileRef = 06ADFDE41D70200B00ACF89E /* TimerVC.m */; };
		06ADFDE71D70200B00ACF89E /* TimerVC.xib in Resources */ = {isa = PBXBuildFile; fileRef = 06ADFDE51D70200B00ACF89E /* TimerVC.xib */; };
		06ADFDEC1D70248E00ACF89E /* TargetOfUISignalVC.m in Sources */ = {isa = PBXBuildFile; fileRef = 06ADFDEA1D70248E00ACF89E /* TargetOfUISignalVC.m */; };
		06ADFDED1D70248E00ACF89E /* TargetOfUISignalVC.xib in Resources */ = {isa = PBXBuildFile; fileRef = 06ADFDEB1D70248E00ACF89E /* TargetOfUISignalVC.xib */; };
		06E743ED1D6E92CF004B05DD /* KVOVC.m in Sources */ = {isa = PBXBuildFile; fileRef = 06E743EB1D6E92CF004B05DD /* KVOVC.m */; };
		06E743EE1D6E92CF004B05DD /* KVOVC.xib in Resources */ = {isa = PBXBuildFile; fileRef = 06E743EC1D6E92CF004B05DD /* KVOVC.xib */; };
		06E743F41D6EC087004B05DD /* EventVC.m in Sources */ = {isa = PBXBuildFile; fileRef = 06E743F21D6EC087004B05DD /* EventVC.m */; };
		06E743F51D6EC087004B05DD /* EventVC.xib in Resources */ = {isa = PBXBuildFile; fileRef = 06E743F31D6EC087004B05DD /* EventVC.xib */; };
		06E743FB1D6EC3CE004B05DD /* NSNotificationVC.m in Sources */ = {isa = PBXBuildFile; fileRef = 06E743F91D6EC3CE004B05DD /* NSNotificationVC.m */; };
		06E743FC1D6EC3CE004B05DD /* NSNotificationVC.xib in Resources */ = {isa = PBXBuildFile; fileRef = 06E743FA1D6EC3CE004B05DD /* NSNotificationVC.xib */; };
		874FFEBFEDF1FC6C065E7D0D /* Pods_the_skills__of_RAC.framework in Frameworks */ = {isa = PBXBuildFile; fileRef = 433E390D9B4F2412793B2912 /* Pods_the_skills__of_RAC.framework */; };
/* End PBXBuildFile section */

/* Begin PBXFileReference section */
		061362E21D6D92C400AFD1E7 /* the skills  of RAC.app */ = {isa = PBXFileReference; explicitFileType = wrapper.application; includeInIndex = 0; path = "the skills  of RAC.app"; sourceTree = BUILT_PRODUCTS_DIR; };
		061362E61D6D92C400AFD1E7 /* main.m */ = {isa = PBXFileReference; lastKnownFileType = sourcecode.c.objc; path = main.m; sourceTree = "<group>"; };
		061362E81D6D92C400AFD1E7 /* AppDelegate.h */ = {isa = PBXFileReference; lastKnownFileType = sourcecode.c.h; path = AppDelegate.h; sourceTree = "<group>"; };
		061362E91D6D92C400AFD1E7 /* AppDelegate.m */ = {isa = PBXFileReference; lastKnownFileType = sourcecode.c.objc; path = AppDelegate.m; sourceTree = "<group>"; };
		061362F11D6D92C400AFD1E7 /* Assets.xcassets */ = {isa = PBXFileReference; lastKnownFileType = folder.assetcatalog; path = Assets.xcassets; sourceTree = "<group>"; };
		061362F41D6D92C400AFD1E7 /* Base */ = {isa = PBXFileReference; lastKnownFileType = file.storyboard; name = Base; path = Base.lproj/LaunchScreen.storyboard; sourceTree = "<group>"; };
		061362F61D6D92C400AFD1E7 /* Info.plist */ = {isa = PBXFileReference; lastKnownFileType = text.plist.xml; path = Info.plist; sourceTree = "<group>"; };
		061362FC1D6D95FB00AFD1E7 /* MainVC.h */ = {isa = PBXFileReference; fileEncoding = 4; lastKnownFileType = sourcecode.c.h; name = MainVC.h; path = ../MainVC.h; sourceTree = "<group>"; };
		061362FD1D6D95FB00AFD1E7 /* MainVC.m */ = {isa = PBXFileReference; fileEncoding = 4; lastKnownFileType = sourcecode.c.objc; name = MainVC.m; path = ../MainVC.m; sourceTree = "<group>"; };
		061362FE1D6D95FB00AFD1E7 /* MainVC.xib */ = {isa = PBXFileReference; fileEncoding = 4; lastKnownFileType = file.xib; name = MainVC.xib; path = ../MainVC.xib; sourceTree = "<group>"; };
		061363021D6D9BDA00AFD1E7 /* PrefixHeader.pch */ = {isa = PBXFileReference; lastKnownFileType = sourcecode.c.h; path = PrefixHeader.pch; sourceTree = "<group>"; };
		061363051D6D9EC700AFD1E7 /* DelegateVC.h */ = {isa = PBXFileReference; fileEncoding = 4; lastKnownFileType = sourcecode.c.h; path = DelegateVC.h; sourceTree = "<group>"; };
		061363061D6D9EC700AFD1E7 /* DelegateVC.m */ = {isa = PBXFileReference; fileEncoding = 4; lastKnownFileType = sourcecode.c.objc; path = DelegateVC.m; sourceTree = "<group>"; };
		061363071D6D9EC700AFD1E7 /* DelegateVC.xib */ = {isa = PBXFileReference; fileEncoding = 4; lastKnownFileType = file.xib; path = DelegateVC.xib; sourceTree = "<group>"; };
		06ADFDE31D70200B00ACF89E /* TimerVC.h */ = {isa = PBXFileReference; fileEncoding = 4; lastKnownFileType = sourcecode.c.h; path = TimerVC.h; sourceTree = "<group>"; };
		06ADFDE41D70200B00ACF89E /* TimerVC.m */ = {isa = PBXFileReference; fileEncoding = 4; lastKnownFileType = sourcecode.c.objc; path = TimerVC.m; sourceTree = "<group>"; };
		06ADFDE51D70200B00ACF89E /* TimerVC.xib */ = {isa = PBXFileReference; fileEncoding = 4; lastKnownFileType = file.xib; path = TimerVC.xib; sourceTree = "<group>"; };
		06ADFDE91D70248E00ACF89E /* TargetOfUISignalVC.h */ = {isa = PBXFileReference; fileEncoding = 4; lastKnownFileType = sourcecode.c.h; path = TargetOfUISignalVC.h; sourceTree = "<group>"; };
		06ADFDEA1D70248E00ACF89E /* TargetOfUISignalVC.m */ = {isa = PBXFileReference; fileEncoding = 4; lastKnownFileType = sourcecode.c.objc; path = TargetOfUISignalVC.m; sourceTree = "<group>"; };
		06ADFDEB1D70248E00ACF89E /* TargetOfUISignalVC.xib */ = {isa = PBXFileReference; fileEncoding = 4; lastKnownFileType = file.xib; path = TargetOfUISignalVC.xib; sourceTree = "<group>"; };
		06E743EA1D6E92CF004B05DD /* KVOVC.h */ = {isa = PBXFileReference; fileEncoding = 4; lastKnownFileType = sourcecode.c.h; path = KVOVC.h; sourceTree = "<group>"; };
		06E743EB1D6E92CF004B05DD /* KVOVC.m */ = {isa = PBXFileReference; fileEncoding = 4; lastKnownFileType = sourcecode.c.objc; path = KVOVC.m; sourceTree = "<group>"; };
		06E743EC1D6E92CF004B05DD /* KVOVC.xib */ = {isa = PBXFileReference; fileEncoding = 4; lastKnownFileType = file.xib; path = KVOVC.xib; sourceTree = "<group>"; };
		06E743F11D6EC087004B05DD /* EventVC.h */ = {isa = PBXFileReference; fileEncoding = 4; lastKnownFileType = sourcecode.c.h; path = EventVC.h; sourceTree = "<group>"; };
		06E743F21D6EC087004B05DD /* EventVC.m */ = {isa = PBXFileReference; fileEncoding = 4; lastKnownFileType = sourcecode.c.objc; path = EventVC.m; sourceTree = "<group>"; };
		06E743F31D6EC087004B05DD /* EventVC.xib */ = {isa = PBXFileReference; fileEncoding = 4; lastKnownFileType = file.xib; path = EventVC.xib; sourceTree = "<group>"; };
		06E743F81D6EC3CE004B05DD /* NSNotificationVC.h */ = {isa = PBXFileReference; fileEncoding = 4; lastKnownFileType = sourcecode.c.h; path = NSNotificationVC.h; sourceTree = "<group>"; };
		06E743F91D6EC3CE004B05DD /* NSNotificationVC.m */ = {isa = PBXFileReference; fileEncoding = 4; lastKnownFileType = sourcecode.c.objc; path = NSNotificationVC.m; sourceTree = "<group>"; };
		06E743FA1D6EC3CE004B05DD /* NSNotificationVC.xib */ = {isa = PBXFileReference; fileEncoding = 4; lastKnownFileType = file.xib; path = NSNotificationVC.xib; sourceTree = "<group>"; };
		433E390D9B4F2412793B2912 /* Pods_the_skills__of_RAC.framework */ = {isa = PBXFileReference; explicitFileType = wrapper.framework; includeInIndex = 0; path = Pods_the_skills__of_RAC.framework; sourceTree = BUILT_PRODUCTS_DIR; };
		7248406A0C740C36D63BC194 /* Pods-the skills  of RAC.release.xcconfig */ = {isa = PBXFileReference; includeInIndex = 1; lastKnownFileType = text.xcconfig; name = "Pods-the skills  of RAC.release.xcconfig"; path = "Pods/Target Support Files/Pods-the skills  of RAC/Pods-the skills  of RAC.release.xcconfig"; sourceTree = "<group>"; };
		BF396149D876F5DF97EBDB79 /* Pods-the skills  of RAC.debug.xcconfig */ = {isa = PBXFileReference; includeInIndex = 1; lastKnownFileType = text.xcconfig; name = "Pods-the skills  of RAC.debug.xcconfig"; path = "Pods/Target Support Files/Pods-the skills  of RAC/Pods-the skills  of RAC.debug.xcconfig"; sourceTree = "<group>"; };
/* End PBXFileReference section */

/* Begin PBXFrameworksBuildPhase section */
		061362DF1D6D92C400AFD1E7 /* Frameworks */ = {
			isa = PBXFrameworksBuildPhase;
			buildActionMask = 2147483647;
			files = (
				874FFEBFEDF1FC6C065E7D0D /* Pods_the_skills__of_RAC.framework in Frameworks */,
			);
			runOnlyForDeploymentPostprocessing = 0;
		};
/* End PBXFrameworksBuildPhase section */

/* Begin PBXGroup section */
		061362D91D6D92C400AFD1E7 = {
			isa = PBXGroup;
			children = (
				061362E41D6D92C400AFD1E7 /* the skills  of RAC */,
				061362E31D6D92C400AFD1E7 /* Products */,
				9F41D79C922CA2EA8520B4F4 /* Pods */,
				AC06A5CDB843C35ABEE8FA1F /* Frameworks */,
			);
			sourceTree = "<group>";
		};
		061362E31D6D92C400AFD1E7 /* Products */ = {
			isa = PBXGroup;
			children = (
				061362E21D6D92C400AFD1E7 /* the skills  of RAC.app */,
			);
			name = Products;
			sourceTree = "<group>";
		};
		061362E41D6D92C400AFD1E7 /* the skills  of RAC */ = {
			isa = PBXGroup;
			children = (
				06ADFDE81D70245400ACF89E /* TargetOfUISignalVC */,
				06ADFDE21D701FE500ACF89E /* TimerVC */,
				06E743F61D6EC35B004B05DD /* NSNotificationVC */,
				06E743EF1D6EC062004B05DD /* EventVC */,
				061363031D6D9E9400AFD1E7 /* DelegateVC */,
				06E743E81D6E92A7004B05DD /* KVOVC */,
				061362FC1D6D95FB00AFD1E7 /* MainVC.h */,
				061362FD1D6D95FB00AFD1E7 /* MainVC.m */,
				061362FE1D6D95FB00AFD1E7 /* MainVC.xib */,
				061363021D6D9BDA00AFD1E7 /* PrefixHeader.pch */,
				061362E81D6D92C400AFD1E7 /* AppDelegate.h */,
				061362E91D6D92C400AFD1E7 /* AppDelegate.m */,
				061362F11D6D92C400AFD1E7 /* Assets.xcassets */,
				061362F31D6D92C400AFD1E7 /* LaunchScreen.storyboard */,
				061362F61D6D92C400AFD1E7 /* Info.plist */,
				061362E51D6D92C400AFD1E7 /* Supporting Files */,
			);
			path = "the skills  of RAC";
			sourceTree = "<group>";
		};
		061362E51D6D92C400AFD1E7 /* Supporting Files */ = {
			isa = PBXGroup;
			children = (
				061362E61D6D92C400AFD1E7 /* main.m */,
			);
			name = "Supporting Files";
			sourceTree = "<group>";
		};
		061363031D6D9E9400AFD1E7 /* DelegateVC */ = {
			isa = PBXGroup;
			children = (
				061363041D6D9EA400AFD1E7 /* Controllers */,
			);
			name = DelegateVC;
			sourceTree = "<group>";
		};
		061363041D6D9EA400AFD1E7 /* Controllers */ = {
			isa = PBXGroup;
			children = (
				061363051D6D9EC700AFD1E7 /* DelegateVC.h */,
				061363061D6D9EC700AFD1E7 /* DelegateVC.m */,
				061363071D6D9EC700AFD1E7 /* DelegateVC.xib */,
			);
			name = Controllers;
			sourceTree = "<group>";
		};
		06ADFDE21D701FE500ACF89E /* TimerVC */ = {
			isa = PBXGroup;
			children = (
				06ADFDE31D70200B00ACF89E /* TimerVC.h */,
				06ADFDE41D70200B00ACF89E /* TimerVC.m */,
				06ADFDE51D70200B00ACF89E /* TimerVC.xib */,
			);
			name = TimerVC;
			sourceTree = "<group>";
		};
		06ADFDE81D70245400ACF89E /* TargetOfUISignalVC */ = {
			isa = PBXGroup;
			children = (
				06ADFDE91D70248E00ACF89E /* TargetOfUISignalVC.h */,
				06ADFDEA1D70248E00ACF89E /* TargetOfUISignalVC.m */,
				06ADFDEB1D70248E00ACF89E /* TargetOfUISignalVC.xib */,
			);
			name = TargetOfUISignalVC;
			sourceTree = "<group>";
		};
		06E743E81D6E92A7004B05DD /* KVOVC */ = {
			isa = PBXGroup;
			children = (
				06E743E91D6E92B8004B05DD /* Controllers */,
			);
			name = KVOVC;
			sourceTree = "<group>";
		};
		06E743E91D6E92B8004B05DD /* Controllers */ = {
			isa = PBXGroup;
			children = (
				06E743EA1D6E92CF004B05DD /* KVOVC.h */,
				06E743EB1D6E92CF004B05DD /* KVOVC.m */,
				06E743EC1D6E92CF004B05DD /* KVOVC.xib */,
			);
			name = Controllers;
			sourceTree = "<group>";
		};
		06E743EF1D6EC062004B05DD /* EventVC */ = {
			isa = PBXGroup;
			children = (
				06E743F01D6EC06F004B05DD /* Controllers */,
			);
			name = EventVC;
			sourceTree = "<group>";
		};
		06E743F01D6EC06F004B05DD /* Controllers */ = {
			isa = PBXGroup;
			children = (
				06E743F11D6EC087004B05DD /* EventVC.h */,
				06E743F21D6EC087004B05DD /* EventVC.m */,
				06E743F31D6EC087004B05DD /* EventVC.xib */,
			);
			name = Controllers;
			sourceTree = "<group>";
		};
		06E743F61D6EC35B004B05DD /* NSNotificationVC */ = {
			isa = PBXGroup;
			children = (
				06E743F71D6EC3B2004B05DD /* Controllers */,
			);
			name = NSNotificationVC;
			sourceTree = "<group>";
		};
		06E743F71D6EC3B2004B05DD /* Controllers */ = {
			isa = PBXGroup;
			children = (
				06E743F81D6EC3CE004B05DD /* NSNotificationVC.h */,
				06E743F91D6EC3CE004B05DD /* NSNotificationVC.m */,
				06E743FA1D6EC3CE004B05DD /* NSNotificationVC.xib */,
			);
			name = Controllers;
			sourceTree = "<group>";
		};
		9F41D79C922CA2EA8520B4F4 /* Pods */ = {
			isa = PBXGroup;
			children = (
				BF396149D876F5DF97EBDB79 /* Pods-the skills  of RAC.debug.xcconfig */,
				7248406A0C740C36D63BC194 /* Pods-the skills  of RAC.release.xcconfig */,
			);
			name = Pods;
			sourceTree = "<group>";
		};
		AC06A5CDB843C35ABEE8FA1F /* Frameworks */ = {
			isa = PBXGroup;
			children = (
				433E390D9B4F2412793B2912 /* Pods_the_skills__of_RAC.framework */,
			);
			name = Frameworks;
			sourceTree = "<group>";
		};
/* End PBXGroup section */

/* Begin PBXNativeTarget section */
		061362E11D6D92C400AFD1E7 /* the skills  of RAC */ = {
			isa = PBXNativeTarget;
			buildConfigurationList = 061362F91D6D92C400AFD1E7 /* Build configuration list for PBXNativeTarget "the skills  of RAC" */;
			buildPhases = (
				0FC5358DC7A474EB1BF3CAA8 /* [CP] Check Pods Manifest.lock */,
				061362DE1D6D92C400AFD1E7 /* Sources */,
				061362DF1D6D92C400AFD1E7 /* Frameworks */,
				061362E01D6D92C400AFD1E7 /* Resources */,
				EBBF4641594968BC375D6706 /* [CP] Embed Pods Frameworks */,
				EE573BB0515D61A8FBF71772 /* [CP] Copy Pods Resources */,
			);
			buildRules = (
			);
			dependencies = (
			);
			name = "the skills  of RAC";
			productName = "the skills  of RAC";
			productReference = 061362E21D6D92C400AFD1E7 /* the skills  of RAC.app */;
			productType = "com.apple.product-type.application";
		};
/* End PBXNativeTarget section */

/* Begin PBXProject section */
		061362DA1D6D92C400AFD1E7 /* Project object */ = {
			isa = PBXProject;
			attributes = {
				LastUpgradeCheck = 0730;
				ORGANIZATIONNAME = LY;
				TargetAttributes = {
					061362E11D6D92C400AFD1E7 = {
						CreatedOnToolsVersion = 7.3.1;
						DevelopmentTeam = PD5DSFUB55;
					};
				};
			};
			buildConfigurationList = 061362DD1D6D92C400AFD1E7 /* Build configuration list for PBXProject "the skills  of RAC" */;
			compatibilityVersion = "Xcode 3.2";
			developmentRegion = English;
			hasScannedForEncodings = 0;
			knownRegions = (
				en,
				Base,
			);
			mainGroup = 061362D91D6D92C400AFD1E7;
			productRefGroup = 061362E31D6D92C400AFD1E7 /* Products */;
			projectDirPath = "";
			projectRoot = "";
			targets = (
				061362E11D6D92C400AFD1E7 /* the skills  of RAC */,
			);
		};
/* End PBXProject section */

/* Begin PBXResourcesBuildPhase section */
		061362E01D6D92C400AFD1E7 /* Resources */ = {
			isa = PBXResourcesBuildPhase;
			buildActionMask = 2147483647;
			files = (
				061363001D6D95FB00AFD1E7 /* MainVC.xib in Resources */,
				06E743F51D6EC087004B05DD /* EventVC.xib in Resources */,
				06ADFDED1D70248E00ACF89E /* TargetOfUISignalVC.xib in Resources */,
				06E743FC1D6EC3CE004B05DD /* NSNotificationVC.xib in Resources */,
				061362F51D6D92C400AFD1E7 /* LaunchScreen.storyboard in Resources */,
				061362F21D6D92C400AFD1E7 /* Assets.xcassets in Resources */,
				061363091D6D9EC700AFD1E7 /* DelegateVC.xib in Resources */,
				06ADFDE71D70200B00ACF89E /* TimerVC.xib in Resources */,
				06E743EE1D6E92CF004B05DD /* KVOVC.xib in Resources */,
			);
			runOnlyForDeploymentPostprocessing = 0;
		};
/* End PBXResourcesBuildPhase section */

/* Begin PBXShellScriptBuildPhase section */
		0FC5358DC7A474EB1BF3CAA8 /* [CP] Check Pods Manifest.lock */ = {
			isa = PBXShellScriptBuildPhase;
			buildActionMask = 2147483647;
			files = (
			);
			inputPaths = (
			);
			name = "[CP] Check Pods Manifest.lock";
			outputPaths = (
			);
			runOnlyForDeploymentPostprocessing = 0;
			shellPath = /bin/sh;
			shellScript = "diff \"${PODS_ROOT}/../Podfile.lock\" \"${PODS_ROOT}/Manifest.lock\" > /dev/null\nif [[ $? != 0 ]] ; then\n    cat << EOM\nerror: The sandbox is not in sync with the Podfile.lock. Run 'pod install' or update your CocoaPods installation.\nEOM\n    exit 1\nfi\n";
			showEnvVarsInLog = 0;
		};
		EBBF4641594968BC375D6706 /* [CP] Embed Pods Frameworks */ = {
			isa = PBXShellScriptBuildPhase;
			buildActionMask = 2147483647;
			files = (
			);
			inputPaths = (
			);
			name = "[CP] Embed Pods Frameworks";
			outputPaths = (
			);
			runOnlyForDeploymentPostprocessing = 0;
			shellPath = /bin/sh;
			shellScript = "\"${SRCROOT}/Pods/Target Support Files/Pods-the skills  of RAC/Pods-the skills  of RAC-frameworks.sh\"\n";
			showEnvVarsInLog = 0;
		};
		EE573BB0515D61A8FBF71772 /* [CP] Copy Pods Resources */ = {
			isa = PBXShellScriptBuildPhase;
			buildActionMask = 2147483647;
			files = (
			);
			inputPaths = (
			);
			name = "[CP] Copy Pods Resources";
			outputPaths = (
			);
			runOnlyForDeploymentPostprocessing = 0;
			shellPath = /bin/sh;
			shellScript = "\"${SRCROOT}/Pods/Target Support Files/Pods-the skills  of RAC/Pods-the skills  of RAC-resources.sh\"\n";
			showEnvVarsInLog = 0;
		};
/* End PBXShellScriptBuildPhase section */

/* Begin PBXSourcesBuildPhase section */
		061362DE1D6D92C400AFD1E7 /* Sources */ = {
			isa = PBXSourcesBuildPhase;
			buildActionMask = 2147483647;
			files = (
				061362FF1D6D95FB00AFD1E7 /* MainVC.m in Sources */,
				061362EA1D6D92C400AFD1E7 /* AppDelegate.m in Sources */,
				06ADFDEC1D70248E00ACF89E /* TargetOfUISignalVC.m in Sources */,
				06E743ED1D6E92CF004B05DD /* KVOVC.m in Sources */,
				06E743F41D6EC087004B05DD /* EventVC.m in Sources */,
				061362E71D6D92C400AFD1E7 /* main.m in Sources */,
				061363081D6D9EC700AFD1E7 /* DelegateVC.m in Sources */,
				06ADFDE61D70200B00ACF89E /* TimerVC.m in Sources */,
				06E743FB1D6EC3CE004B05DD /* NSNotificationVC.m in Sources */,
			);
			runOnlyForDeploymentPostprocessing = 0;
		};
/* End PBXSourcesBuildPhase section */

/* Begin PBXVariantGroup section */
		061362F31D6D92C400AFD1E7 /* LaunchScreen.storyboard */ = {
			isa = PBXVariantGroup;
			children = (
				061362F41D6D92C400AFD1E7 /* Base */,
			);
			name = LaunchScreen.storyboard;
			sourceTree = "<group>";
		};
/* End PBXVariantGroup section */

/* Begin XCBuildConfiguration section */
		061362F71D6D92C400AFD1E7 /* Debug */ = {
			isa = XCBuildConfiguration;
			buildSettings = {
				ALWAYS_SEARCH_USER_PATHS = NO;
				CLANG_ANALYZER_NONNULL = YES;
				CLANG_CXX_LANGUAGE_STANDARD = "gnu++0x";
				CLANG_CXX_LIBRARY = "libc++";
				CLANG_ENABLE_MODULES = YES;
				CLANG_ENABLE_OBJC_ARC = YES;
				CLANG_WARN_BOOL_CONVERSION = YES;
				CLANG_WARN_CONSTANT_CONVERSION = YES;
				CLANG_WARN_DIRECT_OBJC_ISA_USAGE = YES_ERROR;
				CLANG_WARN_EMPTY_BODY = YES;
				CLANG_WARN_ENUM_CONVERSION = YES;
				CLANG_WARN_INT_CONVERSION = YES;
				CLANG_WARN_OBJC_ROOT_CLASS = YES_ERROR;
				CLANG_WARN_UNREACHABLE_CODE = YES;
				CLANG_WARN__DUPLICATE_METHOD_MATCH = YES;
				"CODE_SIGN_IDENTITY[sdk=iphoneos*]" = "iPhone Developer";
				COPY_PHASE_STRIP = NO;
				DEBUG_INFORMATION_FORMAT = dwarf;
				ENABLE_STRICT_OBJC_MSGSEND = YES;
				ENABLE_TESTABILITY = YES;
				GCC_C_LANGUAGE_STANDARD = gnu99;
				GCC_DYNAMIC_NO_PIC = NO;
				GCC_NO_COMMON_BLOCKS = YES;
				GCC_OPTIMIZATION_LEVEL = 0;
				GCC_PREPROCESSOR_DEFINITIONS = (
					"DEBUG=1",
					"$(inherited)",
				);
				GCC_WARN_64_TO_32_BIT_CONVERSION = YES;
				GCC_WARN_ABOUT_RETURN_TYPE = YES_ERROR;
				GCC_WARN_UNDECLARED_SELECTOR = YES;
				GCC_WARN_UNINITIALIZED_AUTOS = YES_AGGRESSIVE;
				GCC_WARN_UNUSED_FUNCTION = YES;
				GCC_WARN_UNUSED_VARIABLE = YES;
				IPHONEOS_DEPLOYMENT_TARGET = 9.3;
				MTL_ENABLE_DEBUG_INFO = YES;
				ONLY_ACTIVE_ARCH = YES;
				SDKROOT = iphoneos;
				TARGETED_DEVICE_FAMILY = "1,2";
			};
			name = Debug;
		};
		061362F81D6D92C400AFD1E7 /* Release */ = {
			isa = XCBuildConfiguration;
			buildSettings = {
				ALWAYS_SEARCH_USER_PATHS = NO;
				CLANG_ANALYZER_NONNULL = YES;
				CLANG_CXX_LANGUAGE_STANDARD = "gnu++0x";
				CLANG_CXX_LIBRARY = "libc++";
				CLANG_ENABLE_MODULES = YES;
				CLANG_ENABLE_OBJC_ARC = YES;
				CLANG_WARN_BOOL_CONVERSION = YES;
				CLANG_WARN_CONSTANT_CONVERSION = YES;
				CLANG_WARN_DIRECT_OBJC_ISA_USAGE = YES_ERROR;
				CLANG_WARN_EMPTY_BODY = YES;
				CLANG_WARN_ENUM_CONVERSION = YES;
				CLANG_WARN_INT_CONVERSION = YES;
				CLANG_WARN_OBJC_ROOT_CLASS = YES_ERROR;
				CLANG_WARN_UNREACHABLE_CODE = YES;
				CLANG_WARN__DUPLICATE_METHOD_MATCH = YES;
				"CODE_SIGN_IDENTITY[sdk=iphoneos*]" = "iPhone Developer";
				COPY_PHASE_STRIP = NO;
				DEBUG_INFORMATION_FORMAT = "dwarf-with-dsym";
				ENABLE_NS_ASSERTIONS = NO;
				ENABLE_STRICT_OBJC_MSGSEND = YES;
				GCC_C_LANGUAGE_STANDARD = gnu99;
				GCC_NO_COMMON_BLOCKS = YES;
				GCC_WARN_64_TO_32_BIT_CONVERSION = YES;
				GCC_WARN_ABOUT_RETURN_TYPE = YES_ERROR;
				GCC_WARN_UNDECLARED_SELECTOR = YES;
				GCC_WARN_UNINITIALIZED_AUTOS = YES_AGGRESSIVE;
				GCC_WARN_UNUSED_FUNCTION = YES;
				GCC_WARN_UNUSED_VARIABLE = YES;
				IPHONEOS_DEPLOYMENT_TARGET = 9.3;
				MTL_ENABLE_DEBUG_INFO = NO;
				SDKROOT = iphoneos;
				TARGETED_DEVICE_FAMILY = "1,2";
				VALIDATE_PRODUCT = YES;
			};
			name = Release;
		};
		061362FA1D6D92C400AFD1E7 /* Debug */ = {
			isa = XCBuildConfiguration;
			baseConfigurationReference = BF396149D876F5DF97EBDB79 /* Pods-the skills  of RAC.debug.xcconfig */;
			buildSettings = {
				ASSETCATALOG_COMPILER_APPICON_NAME = AppIcon;
				GCC_PREFIX_HEADER = "$(SRCROOT)/$(PRODUCT_NAME)/PrefixHeader.pch";
				INFOPLIST_FILE = "the skills  of RAC/Info.plist";
				LD_RUNPATH_SEARCH_PATHS = "$(inherited) @executable_path/Frameworks";
				PRODUCT_BUNDLE_IDENTIFIER = "LY.the-skills--of-RAC";
				PRODUCT_NAME = "$(TARGET_NAME)";
			};
			name = Debug;
		};
		061362FB1D6D92C400AFD1E7 /* Release */ = {
			isa = XCBuildConfiguration;
			baseConfigurationReference = 7248406A0C740C36D63BC194 /* Pods-the skills  of RAC.release.xcconfig */;
			buildSettings = {
				ASSETCATALOG_COMPILER_APPICON_NAME = AppIcon;
				GCC_PREFIX_HEADER = "$(SRCROOT)/$(PRODUCT_NAME)/PrefixHeader.pch";
				INFOPLIST_FILE = "the skills  of RAC/Info.plist";
				LD_RUNPATH_SEARCH_PATHS = "$(inherited) @executable_path/Frameworks";
				PRODUCT_BUNDLE_IDENTIFIER = "LY.the-skills--of-RAC";
				PRODUCT_NAME = "$(TARGET_NAME)";
			};
			name = Release;
		};
/* End XCBuildConfiguration section */

/* Begin XCConfigurationList section */
		061362DD1D6D92C400AFD1E7 /* Build configuration list for PBXProject "the skills  of RAC" */ = {
			isa = XCConfigurationList;
			buildConfigurations = (
				061362F71D6D92C400AFD1E7 /* Debug */,
				061362F81D6D92C400AFD1E7 /* Release */,
			);
			defaultConfigurationIsVisible = 0;
			defaultConfigurationName = Release;
		};
		061362F91D6D92C400AFD1E7 /* Build configuration list for PBXNativeTarget "the skills  of RAC" */ = {
			isa = XCConfigurationList;
			buildConfigurations = (
				061362FA1D6D92C400AFD1E7 /* Debug */,
				061362FB1D6D92C400AFD1E7 /* Release */,
			);
			defaultConfigurationIsVisible = 0;
			defaultConfigurationName = Release;
		};
/* End XCConfigurationList section */
	};
	rootObject = 061362DA1D6D92C400AFD1E7 /* Project object */;
}
